
Microsoft Visual Studio Solution File, Format Version 12.00
# Visual Studio Version 16
VisualStudioVersion = 16.0.30002.166
MinimumVisualStudioVersion = 10.0.40219.1
Project("{2150E333-8FDC-42A3-9474-1A3956D46DE8}") = "Tests", "Tests", "{A190D5B6-C2BF-4EAF-8ACC-FC8CAF7710CA}"
EndProject
Project("{9A19103F-16F7-4668-BE54-9A1E7A4F7556}") = "TestBlocklyHtml", "TestBlocklyHtml\TestBlocklyHtml.csproj", "{8B074077-4862-41FD-8A4D-BF20FD9D91BC}"
EndProject
Project("{9A19103F-16F7-4668-BE54-9A1E7A4F7556}") = "NetCore2Blockly", "NetCore2Blockly\NetCore2Blockly.csproj", "{51001E7F-541D-4FE6-8EE7-E33022DD7341}"
EndProject
Project("{9A19103F-16F7-4668-BE54-9A1E7A4F7556}") = "TestNetCorePackage", "TestNetCorePackage\TestNetCorePackage.csproj", "{B20988FD-2873-49E5-8BFD-096E0345216C}"
EndProject
Global
	GlobalSection(SolutionConfigurationPlatforms) = preSolution
		Debug|Any CPU = Debug|Any CPU
		Release|Any CPU = Release|Any CPU
	EndGlobalSection
	GlobalSection(ProjectConfigurationPlatforms) = postSolution
		{8B074077-4862-41FD-8A4D-BF20FD9D91BC}.Debug|Any CPU.ActiveCfg = Debug|Any CPU
		{8B074077-4862-41FD-8A4D-BF20FD9D91BC}.Debug|Any CPU.Build.0 = Debug|Any CPU
		{8B074077-4862-41FD-8A4D-BF20FD9D91BC}.Release|Any CPU.ActiveCfg = Release|Any CPU
		{8B074077-4862-41FD-8A4D-BF20FD9D91BC}.Release|Any CPU.Build.0 = Release|Any CPU
		{51001E7F-541D-4FE6-8EE7-E33022DD7341}.Debug|Any CPU.ActiveCfg = Debug|Any CPU
		{51001E7F-541D-4FE6-8EE7-E33022DD7341}.Debug|Any CPU.Build.0 = Debug|Any CPU
		{51001E7F-541D-4FE6-8EE7-E33022DD7341}.Release|Any CPU.ActiveCfg = Release|Any CPU
		{51001E7F-541D-4FE6-8EE7-E33022DD7341}.Release|Any CPU.Build.0 = Release|Any CPU
		{B20988FD-2873-49E5-8BFD-096E0345216C}.Debug|Any CPU.ActiveCfg = Debug|Any CPU
		{B20988FD-2873-49E5-8BFD-096E0345216C}.Debug|Any CPU.Build.0 = Debug|Any CPU
		{B20988FD-2873-49E5-8BFD-096E0345216C}.Release|Any CPU.ActiveCfg = Release|Any CPU
		{B20988FD-2873-49E5-8BFD-096E0345216C}.Release|Any CPU.Build.0 = Release|Any CPU
	EndGlobalSection
	GlobalSection(SolutionProperties) = preSolution
		HideSolutionNode = FALSE
	EndGlobalSection
	GlobalSection(NestedProjects) = preSolution
		{8B074077-4862-41FD-8A4D-BF20FD9D91BC} = {A190D5B6-C2BF-4EAF-8ACC-FC8CAF7710CA}
		{B20988FD-2873-49E5-8BFD-096E0345216C} = {A190D5B6-C2BF-4EAF-8ACC-FC8CAF7710CA}
	EndGlobalSection
	GlobalSection(ExtensibilityGlobals) = postSolution
		SolutionGuid = {3055D8D1-F3ED-4E38-83D9-6AB821AAE1FD}
	EndGlobalSection
EndGlobal
